
Microsoft Visual Studio Solution File, Format Version 12.00
# Visual Studio Version 17
VisualStudioVersion = 17.0.31903.59
MinimumVisualStudioVersion = 10.0.40219.1
Project("{2150E333-8FDC-42A3-9474-1A3956D46DE8}") = "src", "src", "{827E0CD3-B72D-47B6-A68D-7590B98EB39B}"
EndProject
Project("{FAE04EC0-301F-11D3-BF4B-00C04F79EFBC}") = "DentalERP.Host", "src\DentalERP.Host\DentalERP.Host.csproj", "{474734A6-114E-4B5E-A69E-09867D60032F}"
EndProject
Project("{FAE04EC0-301F-11D3-BF4B-00C04F79EFBC}") = "DentalERP.SharedKernel", "src\DentalERP.SharedKernel\DentalERP.SharedKernel.csproj", "{F6C883B4-A305-41C7-B425-B367F1BF44BC}"
EndProject
Project("{FAE04EC0-301F-11D3-BF4B-00C04F79EFBC}") = "DentalERP.Modules.IAM", "src\DentalERP.Modules.IAM\DentalERP.Modules.IAM.csproj", "{337B8AD6-A2CB-4C73-BCD4-C5C5C01C6E8C}"
EndProject
Project("{2150E333-8FDC-42A3-9474-1A3956D46DE8}") = "tests", "tests", "{0AB3BF05-4346-4AA6-1389-037BE0695223}"
EndProject
Project("{FAE04EC0-301F-11D3-BF4B-00C04F79EFBC}") = "DentalERP.UnitTests", "tests\DentalERP.UnitTests\DentalERP.UnitTests.csproj", "{AA00FFC4-9C46-4FCF-8EAA-80E6A220BC7E}"
EndProject
Project("{FAE04EC0-301F-11D3-BF4B-00C04F79EFBC}") = "DentalERP.IntegrationTests", "tests\DentalERP.IntegrationTests\DentalERP.IntegrationTests.csproj", "{1C20F56D-2C8D-4B32-A93C-9677D7519C83}"
EndProject
Project("{FAE04EC0-301F-11D3-BF4B-00C04F79EFBC}") = "DentalERP.Modules.Patients", "src\DentalERP.Modules.Patients\DentalERP.Modules.Patients.csproj", "{EDD7E4C9-009E-4CF7-939C-056100EB7388}"
EndProject
Project("{FAE04EC0-301F-11D3-BF4B-00C04F79EFBC}") = "DentalERP.Modules.Clinical", "src\DentalERP.Modules.Clinical\DentalERP.Modules.Clinical.csproj", "{BDC4E9A8-163D-45E4-8F0D-4167AB6D0B63}"
EndProject
Project("{FAE04EC0-301F-11D3-BF4B-00C04F79EFBC}") = "DentalERP.Modules.Financial", "src\DentalERP.Modules.Financial\DentalERP.Modules.Financial.csproj", "{D1A2B3C4-E5F6-7890-ABCD-EF1234567890}"
EndProject
Project("{FAE04EC0-301F-11D3-BF4B-00C04F79EFBC}") = "DentalERP.Modules.Laboratory", "src\DentalERP.Modules.Laboratory\DentalERP.Modules.Laboratory.csproj", "{A1B2C3D4-E5F6-7890-ABCD-EF1234567891}"
EndProject
Project("{FAE04EC0-301F-11D3-BF4B-00C04F79EFBC}") = "DentalERP.Modules.Radiology", "src\DentalERP.Modules.Radiology\DentalERP.Modules.Radiology.csproj", "{B2C3D4E5-F6A7-8901-BCDE-F12345678902}"
EndProject
Project("{FAE04EC0-301F-11D3-BF4B-00C04F79EFBC}") = "DentalERP.Modules.Inventory", "src\DentalERP.Modules.Inventory\DentalERP.Modules.Inventory.csproj", "{C3D4E5F6-A7B8-9012-CDEF-123456789013}"
EndProject
Project("{FAE04EC0-301F-11D3-BF4B-00C04F79EFBC}") = "DentalERP.Modules.Purchasing", "src\DentalERP.Modules.Purchasing\DentalERP.Modules.Purchasing.csproj", "{D4E5F6A7-B8C9-0123-DEF0-234567890124}"
EndProject
Project("{FAE04EC0-301F-11D3-BF4B-00C04F79EFBC}") = "DentalERP.Modules.Expenses", "src\DentalERP.Modules.Expenses\DentalERP.Modules.Expenses.csproj", "{E5F6A7B8-C9D0-1234-EF01-345678901235}"
EndProject
Project("{FAE04EC0-301F-11D3-BF4B-00C04F79EFBC}") = "DentalERP.Modules.Assets", "src\DentalERP.Modules.Assets\DentalERP.Modules.Assets.csproj", "{F6A7B8C9-D0E1-2345-F012-456789012346}"
EndProject
Global
	GlobalSection(SolutionConfigurationPlatforms) = preSolution
		Debug|Any CPU = Debug|Any CPU
		Debug|x64 = Debug|x64
		Debug|x86 = Debug|x86
		Release|Any CPU = Release|Any CPU
		Release|x64 = Release|x64
		Release|x86 = Release|x86
	EndGlobalSection
	GlobalSection(ProjectConfigurationPlatforms) = postSolution
		{474734A6-114E-4B5E-A69E-09867D60032F}.Debug|Any CPU.ActiveCfg = Debug|Any CPU
		{474734A6-114E-4B5E-A69E-09867D60032F}.Debug|Any CPU.Build.0 = Debug|Any CPU
		{474734A6-114E-4B5E-A69E-09867D60032F}.Debug|x64.ActiveCfg = Debug|Any CPU
		{474734A6-114E-4B5E-A69E-09867D60032F}.Debug|x64.Build.0 = Debug|Any CPU
		{474734A6-114E-4B5E-A69E-09867D60032F}.Debug|x86.ActiveCfg = Debug|Any CPU
		{474734A6-114E-4B5E-A69E-09867D60032F}.Debug|x86.Build.0 = Debug|Any CPU
		{474734A6-114E-4B5E-A69E-09867D60032F}.Release|Any CPU.ActiveCfg = Release|Any CPU
		{474734A6-114E-4B5E-A69E-09867D60032F}.Release|Any CPU.Build.0 = Release|Any CPU
		{474734A6-114E-4B5E-A69E-09867D60032F}.Release|x64.ActiveCfg = Release|Any CPU
		{474734A6-114E-4B5E-A69E-09867D60032F}.Release|x64.Build.0 = Release|Any CPU
		{474734A6-114E-4B5E-A69E-09867D60032F}.Release|x86.ActiveCfg = Release|Any CPU
		{474734A6-114E-4B5E-A69E-09867D60032F}.Release|x86.Build.0 = Release|Any CPU
		{F6C883B4-A305-41C7-B425-B367F1BF44BC}.Debug|Any CPU.ActiveCfg = Debug|Any CPU
		{F6C883B4-A305-41C7-B425-B367F1BF44BC}.Debug|Any CPU.Build.0 = Debug|Any CPU
		{F6C883B4-A305-41C7-B425-B367F1BF44BC}.Debug|x64.ActiveCfg = Debug|Any CPU
		{F6C883B4-A305-41C7-B425-B367F1BF44BC}.Debug|x64.Build.0 = Debug|Any CPU
		{F6C883B4-A305-41C7-B425-B367F1BF44BC}.Debug|x86.ActiveCfg = Debug|Any CPU
		{F6C883B4-A305-41C7-B425-B367F1BF44BC}.Debug|x86.Build.0 = Debug|Any CPU
		{F6C883B4-A305-41C7-B425-B367F1BF44BC}.Release|Any CPU.ActiveCfg = Release|Any CPU
		{F6C883B4-A305-41C7-B425-B367F1BF44BC}.Release|Any CPU.Build.0 = Release|Any CPU
		{F6C883B4-A305-41C7-B425-B367F1BF44BC}.Release|x64.ActiveCfg = Release|Any CPU
		{F6C883B4-A305-41C7-B425-B367F1BF44BC}.Release|x64.Build.0 = Release|Any CPU
		{F6C883B4-A305-41C7-B425-B367F1BF44BC}.Release|x86.ActiveCfg = Release|Any CPU
		{F6C883B4-A305-41C7-B425-B367F1BF44BC}.Release|x86.Build.0 = Release|Any CPU
		{337B8AD6-A2CB-4C73-BCD4-C5C5C01C6E8C}.Debug|Any CPU.ActiveCfg = Debug|Any CPU
		{337B8AD6-A2CB-4C73-BCD4-C5C5C01C6E8C}.Debug|Any CPU.Build.0 = Debug|Any CPU
		{337B8AD6-A2CB-4C73-BCD4-C5C5C01C6E8C}.Debug|x64.ActiveCfg = Debug|Any CPU
		{337B8AD6-A2CB-4C73-BCD4-C5C5C01C6E8C}.Debug|x64.Build.0 = Debug|Any CPU
		{337B8AD6-A2CB-4C73-BCD4-C5C5C01C6E8C}.Debug|x86.ActiveCfg = Debug|Any CPU
		{337B8AD6-A2CB-4C73-BCD4-C5C5C01C6E8C}.Debug|x86.Build.0 = Debug|Any CPU
		{337B8AD6-A2CB-4C73-BCD4-C5C5C01C6E8C}.Release|Any CPU.ActiveCfg = Release|Any CPU
		{337B8AD6-A2CB-4C73-BCD4-C5C5C01C6E8C}.Release|Any CPU.Build.0 = Release|Any CPU
		{337B8AD6-A2CB-4C73-BCD4-C5C5C01C6E8C}.Release|x64.ActiveCfg = Release|Any CPU
		{337B8AD6-A2CB-4C73-BCD4-C5C5C01C6E8C}.Release|x64.Build.0 = Release|Any CPU
		{337B8AD6-A2CB-4C73-BCD4-C5C5C01C6E8C}.Release|x86.ActiveCfg = Release|Any CPU
		{337B8AD6-A2CB-4C73-BCD4-C5C5C01C6E8C}.Release|x86.Build.0 = Release|Any CPU
		{AA00FFC4-9C46-4FCF-8EAA-80E6A220BC7E}.Debug|Any CPU.ActiveCfg = Debug|Any CPU
		{AA00FFC4-9C46-4FCF-8EAA-80E6A220BC7E}.Debug|Any CPU.Build.0 = Debug|Any CPU
		{AA00FFC4-9C46-4FCF-8EAA-80E6A220BC7E}.Debug|x64.ActiveCfg = Debug|Any CPU
		{AA00FFC4-9C46-4FCF-8EAA-80E6A220BC7E}.Debug|x64.Build.0 = Debug|Any CPU
		{AA00FFC4-9C46-4FCF-8EAA-80E6A220BC7E}.Debug|x86.ActiveCfg = Debug|Any CPU
		{AA00FFC4-9C46-4FCF-8EAA-80E6A220BC7E}.Debug|x86.Build.0 = Debug|Any CPU
		{AA00FFC4-9C46-4FCF-8EAA-80E6A220BC7E}.Release|Any CPU.ActiveCfg = Release|Any CPU
		{AA00FFC4-9C46-4FCF-8EAA-80E6A220BC7E}.Release|Any CPU.Build.0 = Release|Any CPU
		{AA00FFC4-9C46-4FCF-8EAA-80E6A220BC7E}.Release|x64.ActiveCfg = Release|Any CPU
		{AA00FFC4-9C46-4FCF-8EAA-80E6A220BC7E}.Release|x64.Build.0 = Release|Any CPU
		{AA00FFC4-9C46-4FCF-8EAA-80E6A220BC7E}.Release|x86.ActiveCfg = Release|Any CPU
		{AA00FFC4-9C46-4FCF-8EAA-80E6A220BC7E}.Release|x86.Build.0 = Release|Any CPU
		{1C20F56D-2C8D-4B32-A93C-9677D7519C83}.Debug|Any CPU.ActiveCfg = Debug|Any CPU
		{1C20F56D-2C8D-4B32-A93C-9677D7519C83}.Debug|Any CPU.Build.0 = Debug|Any CPU
		{1C20F56D-2C8D-4B32-A93C-9677D7519C83}.Debug|x64.ActiveCfg = Debug|Any CPU
		{1C20F56D-2C8D-4B32-A93C-9677D7519C83}.Debug|x64.Build.0 = Debug|Any CPU
		{1C20F56D-2C8D-4B32-A93C-9677D7519C83}.Debug|x86.ActiveCfg = Debug|Any CPU
		{1C20F56D-2C8D-4B32-A93C-9677D7519C83}.Debug|x86.Build.0 = Debug|Any CPU
		{1C20F56D-2C8D-4B32-A93C-9677D7519C83}.Release|Any CPU.ActiveCfg = Release|Any CPU
		{1C20F56D-2C8D-4B32-A93C-9677D7519C83}.Release|Any CPU.Build.0 = Release|Any CPU
		{1C20F56D-2C8D-4B32-A93C-9677D7519C83}.Release|x64.ActiveCfg = Release|Any CPU
		{1C20F56D-2C8D-4B32-A93C-9677D7519C83}.Release|x64.Build.0 = Release|Any CPU
		{1C20F56D-2C8D-4B32-A93C-9677D7519C83}.Release|x86.ActiveCfg = Release|Any CPU
		{1C20F56D-2C8D-4B32-A93C-9677D7519C83}.Release|x86.Build.0 = Release|Any CPU
		{EDD7E4C9-009E-4CF7-939C-056100EB7388}.Debug|Any CPU.ActiveCfg = Debug|Any CPU
		{EDD7E4C9-009E-4CF7-939C-056100EB7388}.Debug|Any CPU.Build.0 = Debug|Any CPU
		{EDD7E4C9-009E-4CF7-939C-056100EB7388}.Debug|x64.ActiveCfg = Debug|Any CPU
		{EDD7E4C9-009E-4CF7-939C-056100EB7388}.Debug|x64.Build.0 = Debug|Any CPU
		{EDD7E4C9-009E-4CF7-939C-056100EB7388}.Debug|x86.ActiveCfg = Debug|Any CPU
		{EDD7E4C9-009E-4CF7-939C-056100EB7388}.Debug|x86.Build.0 = Debug|Any CPU
		{EDD7E4C9-009E-4CF7-939C-056100EB7388}.Release|Any CPU.ActiveCfg = Release|Any CPU
		{EDD7E4C9-009E-4CF7-939C-056100EB7388}.Release|Any CPU.Build.0 = Release|Any CPU
		{EDD7E4C9-009E-4CF7-939C-056100EB7388}.Release|x64.ActiveCfg = Release|Any CPU
		{EDD7E4C9-009E-4CF7-939C-056100EB7388}.Release|x64.Build.0 = Release|Any CPU
		{EDD7E4C9-009E-4CF7-939C-056100EB7388}.Release|x86.ActiveCfg = Release|Any CPU
		{EDD7E4C9-009E-4CF7-939C-056100EB7388}.Release|x86.Build.0 = Release|Any CPU
		{BDC4E9A8-163D-45E4-8F0D-4167AB6D0B63}.Debug|Any CPU.ActiveCfg = Debug|Any CPU
		{BDC4E9A8-163D-45E4-8F0D-4167AB6D0B63}.Debug|Any CPU.Build.0 = Debug|Any CPU
		{BDC4E9A8-163D-45E4-8F0D-4167AB6D0B63}.Debug|x64.ActiveCfg = Debug|Any CPU
		{BDC4E9A8-163D-45E4-8F0D-4167AB6D0B63}.Debug|x64.Build.0 = Debug|Any CPU
		{BDC4E9A8-163D-45E4-8F0D-4167AB6D0B63}.Debug|x86.ActiveCfg = Debug|Any CPU
		{BDC4E9A8-163D-45E4-8F0D-4167AB6D0B63}.Debug|x86.Build.0 = Debug|Any CPU
		{BDC4E9A8-163D-45E4-8F0D-4167AB6D0B63}.Release|Any CPU.ActiveCfg = Release|Any CPU
		{BDC4E9A8-163D-45E4-8F0D-4167AB6D0B63}.Release|Any CPU.Build.0 = Release|Any CPU
		{BDC4E9A8-163D-45E4-8F0D-4167AB6D0B63}.Release|x64.ActiveCfg = Release|Any CPU
		{BDC4E9A8-163D-45E4-8F0D-4167AB6D0B63}.Release|x64.Build.0 = Release|Any CPU
		{BDC4E9A8-163D-45E4-8F0D-4167AB6D0B63}.Release|x86.ActiveCfg = Release|Any CPU
		{BDC4E9A8-163D-45E4-8F0D-4167AB6D0B63}.Release|x86.Build.0 = Release|Any CPU
		{D1A2B3C4-E5F6-7890-ABCD-EF1234567890}.Debug|Any CPU.ActiveCfg = Debug|Any CPU
		{D1A2B3C4-E5F6-7890-ABCD-EF1234567890}.Debug|Any CPU.Build.0 = Debug|Any CPU
		{D1A2B3C4-E5F6-7890-ABCD-EF1234567890}.Release|Any CPU.ActiveCfg = Release|Any CPU
		{D1A2B3C4-E5F6-7890-ABCD-EF1234567890}.Release|Any CPU.Build.0 = Release|Any CPU
		{A1B2C3D4-E5F6-7890-ABCD-EF1234567891}.Debug|Any CPU.ActiveCfg = Debug|Any CPU
		{A1B2C3D4-E5F6-7890-ABCD-EF1234567891}.Debug|Any CPU.Build.0 = Debug|Any CPU
		{A1B2C3D4-E5F6-7890-ABCD-EF1234567891}.Release|Any CPU.ActiveCfg = Release|Any CPU
		{A1B2C3D4-E5F6-7890-ABCD-EF1234567891}.Release|Any CPU.Build.0 = Release|Any CPU
		{B2C3D4E5-F6A7-8901-BCDE-F12345678902}.Debug|Any CPU.ActiveCfg = Debug|Any CPU
		{B2C3D4E5-F6A7-8901-BCDE-F12345678902}.Debug|Any CPU.Build.0 = Debug|Any CPU
		{B2C3D4E5-F6A7-8901-BCDE-F12345678902}.Release|Any CPU.ActiveCfg = Release|Any CPU
		{B2C3D4E5-F6A7-8901-BCDE-F12345678902}.Release|Any CPU.Build.0 = Release|Any CPU
		{C3D4E5F6-A7B8-9012-CDEF-123456789013}.Debug|Any CPU.ActiveCfg = Debug|Any CPU
		{C3D4E5F6-A7B8-9012-CDEF-123456789013}.Debug|Any CPU.Build.0 = Debug|Any CPU
		{C3D4E5F6-A7B8-9012-CDEF-123456789013}.Release|Any CPU.ActiveCfg = Release|Any CPU
		{C3D4E5F6-A7B8-9012-CDEF-123456789013}.Release|Any CPU.Build.0 = Release|Any CPU
		{D4E5F6A7-B8C9-0123-DEF0-234567890124}.Debug|Any CPU.ActiveCfg = Debug|Any CPU
		{D4E5F6A7-B8C9-0123-DEF0-234567890124}.Debug|Any CPU.Build.0 = Debug|Any CPU
		{D4E5F6A7-B8C9-0123-DEF0-234567890124}.Release|Any CPU.ActiveCfg = Release|Any CPU
		{D4E5F6A7-B8C9-0123-DEF0-234567890124}.Release|Any CPU.Build.0 = Release|Any CPU
		{E5F6A7B8-C9D0-1234-EF01-345678901235}.Debug|Any CPU.ActiveCfg = Debug|Any CPU
		{E5F6A7B8-C9D0-1234-EF01-345678901235}.Debug|Any CPU.Build.0 = Debug|Any CPU
		{E5F6A7B8-C9D0-1234-EF01-345678901235}.Release|Any CPU.ActiveCfg = Release|Any CPU
		{E5F6A7B8-C9D0-1234-EF01-345678901235}.Release|Any CPU.Build.0 = Release|Any CPU
		{F6A7B8C9-D0E1-2345-F012-456789012346}.Debug|Any CPU.ActiveCfg = Debug|Any CPU
		{F6A7B8C9-D0E1-2345-F012-456789012346}.Debug|Any CPU.Build.0 = Debug|Any CPU
		{F6A7B8C9-D0E1-2345-F012-456789012346}.Release|Any CPU.ActiveCfg = Release|Any CPU
		{F6A7B8C9-D0E1-2345-F012-456789012346}.Release|Any CPU.Build.0 = Release|Any CPU
	EndGlobalSection
	GlobalSection(SolutionProperties) = preSolution
		HideSolutionNode = FALSE
	EndGlobalSection
	GlobalSection(NestedProjects) = preSolution
		{474734A6-114E-4B5E-A69E-09867D60032F} = {827E0CD3-B72D-47B6-A68D-7590B98EB39B}
		{F6C883B4-A305-41C7-B425-B367F1BF44BC} = {827E0CD3-B72D-47B6-A68D-7590B98EB39B}
		{337B8AD6-A2CB-4C73-BCD4-C5C5C01C6E8C} = {827E0CD3-B72D-47B6-A68D-7590B98EB39B}
		{AA00FFC4-9C46-4FCF-8EAA-80E6A220BC7E} = {0AB3BF05-4346-4AA6-1389-037BE0695223}
		{1C20F56D-2C8D-4B32-A93C-9677D7519C83} = {0AB3BF05-4346-4AA6-1389-037BE0695223}
		{EDD7E4C9-009E-4CF7-939C-056100EB7388} = {827E0CD3-B72D-47B6-A68D-7590B98EB39B}
		{BDC4E9A8-163D-45E4-8F0D-4167AB6D0B63} = {827E0CD3-B72D-47B6-A68D-7590B98EB39B}
		{D1A2B3C4-E5F6-7890-ABCD-EF1234567890} = {827E0CD3-B72D-47B6-A68D-7590B98EB39B}
		{A1B2C3D4-E5F6-7890-ABCD-EF1234567891} = {827E0CD3-B72D-47B6-A68D-7590B98EB39B}
		{B2C3D4E5-F6A7-8901-BCDE-F12345678902} = {827E0CD3-B72D-47B6-A68D-7590B98EB39B}
		{C3D4E5F6-A7B8-9012-CDEF-123456789013} = {827E0CD3-B72D-47B6-A68D-7590B98EB39B}
		{D4E5F6A7-B8C9-0123-DEF0-234567890124} = {827E0CD3-B72D-47B6-A68D-7590B98EB39B}
		{E5F6A7B8-C9D0-1234-EF01-345678901235} = {827E0CD3-B72D-47B6-A68D-7590B98EB39B}
		{F6A7B8C9-D0E1-2345-F012-456789012346} = {827E0CD3-B72D-47B6-A68D-7590B98EB39B}
	EndGlobalSection
EndGlobal
